
Microsoft Visual Studio Solution File, Format Version 12.00
# Visual Studio 15
VisualStudioVersion = 15.0.27703.2000
MinimumVisualStudioVersion = 10.0.40219.1
Project("{FAE04EC0-301F-11D3-BF4B-00C04F79EFBC}") = "RestLibrary", "RestLibrary\RestLibrary.csproj", "{4A6295B6-2C64-4E46-95DB-5C2C924B69A3}"
EndProject
Global
	GlobalSection(SolutionConfigurationPlatforms) = preSolution
		Debug|Any CPU = Debug|Any CPU
		Release|Any CPU = Release|Any CPU
	EndGlobalSection
	GlobalSection(ProjectConfigurationPlatforms) = postSolution
		{4A6295B6-2C64-4E46-95DB-5C2C924B69A3}.Debug|Any CPU.ActiveCfg = Debug|Any CPU
		{4A6295B6-2C64-4E46-95DB-5C2C924B69A3}.Debug|Any CPU.Build.0 = Debug|Any CPU
		{4A6295B6-2C64-4E46-95DB-5C2C924B69A3}.Release|Any CPU.ActiveCfg = Release|Any CPU
		{4A6295B6-2C64-4E46-95DB-5C2C924B69A3}.Release|Any CPU.Build.0 = Release|Any CPU
	EndGlobalSection
	GlobalSection(SolutionProperties) = preSolution
		HideSolutionNode = FALSE
	EndGlobalSection
	GlobalSection(ExtensibilityGlobals) = postSolution
		SolutionGuid = {E41E59AB-0E50-4AA6-AF6B-CE62CA71B380}
	EndGlobalSection
EndGlobal
